// !$*UTF8*$!
{
	archiveVersion = 1;
	classes = {
	};
	objectVersion = 56;
	objects = {

/* Begin PBXBuildFile section */
		0F026ECD2C3A182C00DC0685 /* ContentViewModelTests.swift in Sources */ = {isa = PBXBuildFile; fileRef = 0F026ECC2C3A182C00DC0685 /* ContentViewModelTests.swift */; };
		0FDDC33C2C34F414000DF9CF /* FetchTakeHomeApp.swift in Sources */ = {isa = PBXBuildFile; fileRef = 0FDDC33B2C34F414000DF9CF /* FetchTakeHomeApp.swift */; };
		0FDDC33E2C34F414000DF9CF /* ContentView.swift in Sources */ = {isa = PBXBuildFile; fileRef = 0FDDC33D2C34F414000DF9CF /* ContentView.swift */; };
		0FDDC3402C34F416000DF9CF /* Assets.xcassets in Resources */ = {isa = PBXBuildFile; fileRef = 0FDDC33F2C34F416000DF9CF /* Assets.xcassets */; };
		0FDDC3432C34F416000DF9CF /* Preview Assets.xcassets in Resources */ = {isa = PBXBuildFile; fileRef = 0FDDC3422C34F416000DF9CF /* Preview Assets.xcassets */; };
		0FDDC34D2C34F416000DF9CF /* DetailViewModelTest.swift in Sources */ = {isa = PBXBuildFile; fileRef = 0FDDC34C2C34F416000DF9CF /* DetailViewModelTest.swift */; };
		0FDDC3572C34F416000DF9CF /* FetchTakeHomeUITests.swift in Sources */ = {isa = PBXBuildFile; fileRef = 0FDDC3562C34F416000DF9CF /* FetchTakeHomeUITests.swift */; };
		0FDDC3592C34F416000DF9CF /* FetchTakeHomeUITestsLaunchTests.swift in Sources */ = {isa = PBXBuildFile; fileRef = 0FDDC3582C34F416000DF9CF /* FetchTakeHomeUITestsLaunchTests.swift */; };
		0FDDC3662C34F459000DF9CF /* Networking.swift in Sources */ = {isa = PBXBuildFile; fileRef = 0FDDC3652C34F459000DF9CF /* Networking.swift */; };
		0FDDC3692C34F474000DF9CF /* DessertModels.swift in Sources */ = {isa = PBXBuildFile; fileRef = 0FDDC3682C34F474000DF9CF /* DessertModels.swift */; };
		0FDDC36B2C34F483000DF9CF /* RecipeModels.swift in Sources */ = {isa = PBXBuildFile; fileRef = 0FDDC36A2C34F483000DF9CF /* RecipeModels.swift */; };
		0FDDC36E2C34F4A8000DF9CF /* ContentViewModel.swift in Sources */ = {isa = PBXBuildFile; fileRef = 0FDDC36D2C34F4A8000DF9CF /* ContentViewModel.swift */; };
		0FDDC3702C34F4C3000DF9CF /* DetailViewModel.swift in Sources */ = {isa = PBXBuildFile; fileRef = 0FDDC36F2C34F4C3000DF9CF /* DetailViewModel.swift */; };
		0FDDC3732C34F4ED000DF9CF /* DetailView.swift in Sources */ = {isa = PBXBuildFile; fileRef = 0FDDC3722C34F4ED000DF9CF /* DetailView.swift */; };
		0FDDC3762C34F51C000DF9CF /* APIEndpoints.swift in Sources */ = {isa = PBXBuildFile; fileRef = 0FDDC3752C34F51C000DF9CF /* APIEndpoints.swift */; };
		0FDDC3782C34F52A000DF9CF /* Errors.swift in Sources */ = {isa = PBXBuildFile; fileRef = 0FDDC3772C34F52A000DF9CF /* Errors.swift */; };
		0FDDC37A2C34F537000DF9CF /* Colors.swift in Sources */ = {isa = PBXBuildFile; fileRef = 0FDDC3792C34F537000DF9CF /* Colors.swift */; };
		0FDDC37C2C34F542000DF9CF /* Fonts.swift in Sources */ = {isa = PBXBuildFile; fileRef = 0FDDC37B2C34F542000DF9CF /* Fonts.swift */; };
		0FDDC3812C35AF34000DF9CF /* MockNetworking.swift in Sources */ = {isa = PBXBuildFile; fileRef = 0FDDC3802C35AF34000DF9CF /* MockNetworking.swift */; };
/* End PBXBuildFile section */

/* Begin PBXContainerItemProxy section */
		0FDDC3492C34F416000DF9CF /* PBXContainerItemProxy */ = {
			isa = PBXContainerItemProxy;
			containerPortal = 0FDDC3302C34F414000DF9CF /* Project object */;
			proxyType = 1;
			remoteGlobalIDString = 0FDDC3372C34F414000DF9CF;
			remoteInfo = FetchTakeHome;
		};
		0FDDC3532C34F416000DF9CF /* PBXContainerItemProxy */ = {
			isa = PBXContainerItemProxy;
			containerPortal = 0FDDC3302C34F414000DF9CF /* Project object */;
			proxyType = 1;
			remoteGlobalIDString = 0FDDC3372C34F414000DF9CF;
			remoteInfo = FetchTakeHome;
		};
/* End PBXContainerItemProxy section */

/* Begin PBXFileReference section */
		0F026ECC2C3A182C00DC0685 /* ContentViewModelTests.swift */ = {isa = PBXFileReference; lastKnownFileType = sourcecode.swift; path = ContentViewModelTests.swift; sourceTree = "<group>"; };
		0FDDC3382C34F414000DF9CF /* FetchTakeHome.app */ = {isa = PBXFileReference; explicitFileType = wrapper.application; includeInIndex = 0; path = FetchTakeHome.app; sourceTree = BUILT_PRODUCTS_DIR; };
		0FDDC33B2C34F414000DF9CF /* FetchTakeHomeApp.swift */ = {isa = PBXFileReference; lastKnownFileType = sourcecode.swift; path = FetchTakeHomeApp.swift; sourceTree = "<group>"; };
		0FDDC33D2C34F414000DF9CF /* ContentView.swift */ = {isa = PBXFileReference; lastKnownFileType = sourcecode.swift; path = ContentView.swift; sourceTree = "<group>"; };
		0FDDC33F2C34F416000DF9CF /* Assets.xcassets */ = {isa = PBXFileReference; lastKnownFileType = folder.assetcatalog; path = Assets.xcassets; sourceTree = "<group>"; };
		0FDDC3422C34F416000DF9CF /* Preview Assets.xcassets */ = {isa = PBXFileReference; lastKnownFileType = folder.assetcatalog; path = "Preview Assets.xcassets"; sourceTree = "<group>"; };
		0FDDC3482C34F416000DF9CF /* FetchTakeHomeTests.xctest */ = {isa = PBXFileReference; explicitFileType = wrapper.cfbundle; includeInIndex = 0; path = FetchTakeHomeTests.xctest; sourceTree = BUILT_PRODUCTS_DIR; };
		0FDDC34C2C34F416000DF9CF /* DetailViewModelTest.swift */ = {isa = PBXFileReference; lastKnownFileType = sourcecode.swift; path = DetailViewModelTest.swift; sourceTree = "<group>"; };
		0FDDC3522C34F416000DF9CF /* FetchTakeHomeUITests.xctest */ = {isa = PBXFileReference; explicitFileType = wrapper.cfbundle; includeInIndex = 0; path = FetchTakeHomeUITests.xctest; sourceTree = BUILT_PRODUCTS_DIR; };
		0FDDC3562C34F416000DF9CF /* FetchTakeHomeUITests.swift */ = {isa = PBXFileReference; lastKnownFileType = sourcecode.swift; path = FetchTakeHomeUITests.swift; sourceTree = "<group>"; };
		0FDDC3582C34F416000DF9CF /* FetchTakeHomeUITestsLaunchTests.swift */ = {isa = PBXFileReference; lastKnownFileType = sourcecode.swift; path = FetchTakeHomeUITestsLaunchTests.swift; sourceTree = "<group>"; };
		0FDDC3652C34F459000DF9CF /* Networking.swift */ = {isa = PBXFileReference; lastKnownFileType = sourcecode.swift; path = Networking.swift; sourceTree = "<group>"; };
		0FDDC3682C34F474000DF9CF /* DessertModels.swift */ = {isa = PBXFileReference; lastKnownFileType = sourcecode.swift; path = DessertModels.swift; sourceTree = "<group>"; };
		0FDDC36A2C34F483000DF9CF /* RecipeModels.swift */ = {isa = PBXFileReference; lastKnownFileType = sourcecode.swift; path = RecipeModels.swift; sourceTree = "<group>"; };
		0FDDC36D2C34F4A8000DF9CF /* ContentViewModel.swift */ = {isa = PBXFileReference; lastKnownFileType = sourcecode.swift; path = ContentViewModel.swift; sourceTree = "<group>"; };
		0FDDC36F2C34F4C3000DF9CF /* DetailViewModel.swift */ = {isa = PBXFileReference; lastKnownFileType = sourcecode.swift; path = DetailViewModel.swift; sourceTree = "<group>"; };
		0FDDC3722C34F4ED000DF9CF /* DetailView.swift */ = {isa = PBXFileReference; lastKnownFileType = sourcecode.swift; path = DetailView.swift; sourceTree = "<group>"; };
		0FDDC3752C34F51C000DF9CF /* APIEndpoints.swift */ = {isa = PBXFileReference; lastKnownFileType = sourcecode.swift; path = APIEndpoints.swift; sourceTree = "<group>"; };
		0FDDC3772C34F52A000DF9CF /* Errors.swift */ = {isa = PBXFileReference; lastKnownFileType = sourcecode.swift; path = Errors.swift; sourceTree = "<group>"; };
		0FDDC3792C34F537000DF9CF /* Colors.swift */ = {isa = PBXFileReference; lastKnownFileType = sourcecode.swift; path = Colors.swift; sourceTree = "<group>"; };
		0FDDC37B2C34F542000DF9CF /* Fonts.swift */ = {isa = PBXFileReference; lastKnownFileType = sourcecode.swift; path = Fonts.swift; sourceTree = "<group>"; };
		0FDDC3802C35AF34000DF9CF /* MockNetworking.swift */ = {isa = PBXFileReference; lastKnownFileType = sourcecode.swift; path = MockNetworking.swift; sourceTree = "<group>"; };
/* End PBXFileReference section */

/* Begin PBXFrameworksBuildPhase section */
		0FDDC3352C34F414000DF9CF /* Frameworks */ = {
			isa = PBXFrameworksBuildPhase;
			buildActionMask = 2147483647;
			files = (
			);
			runOnlyForDeploymentPostprocessing = 0;
		};
		0FDDC3452C34F416000DF9CF /* Frameworks */ = {
			isa = PBXFrameworksBuildPhase;
			buildActionMask = 2147483647;
			files = (
			);
			runOnlyForDeploymentPostprocessing = 0;
		};
		0FDDC34F2C34F416000DF9CF /* Frameworks */ = {
			isa = PBXFrameworksBuildPhase;
			buildActionMask = 2147483647;
			files = (
			);
			runOnlyForDeploymentPostprocessing = 0;
		};
/* End PBXFrameworksBuildPhase section */

/* Begin PBXGroup section */
		0F4DEFF42C3B4D0A008B4D0E /* Utility */ = {
			isa = PBXGroup;
			children = (
				0FDDC3652C34F459000DF9CF /* Networking.swift */,
			);
			path = Utility;
			sourceTree = "<group>";
		};
		0FDDC32F2C34F414000DF9CF = {
			isa = PBXGroup;
			children = (
				0FDDC33A2C34F414000DF9CF /* FetchTakeHome */,
				0FDDC34B2C34F416000DF9CF /* FetchTakeHomeTests */,
				0FDDC3552C34F416000DF9CF /* FetchTakeHomeUITests */,
				0FDDC3392C34F414000DF9CF /* Products */,
			);
			sourceTree = "<group>";
		};
		0FDDC3392C34F414000DF9CF /* Products */ = {
			isa = PBXGroup;
			children = (
				0FDDC3382C34F414000DF9CF /* FetchTakeHome.app */,
				0FDDC3482C34F416000DF9CF /* FetchTakeHomeTests.xctest */,
				0FDDC3522C34F416000DF9CF /* FetchTakeHomeUITests.xctest */,
			);
			name = Products;
			sourceTree = "<group>";
		};
		0FDDC33A2C34F414000DF9CF /* FetchTakeHome */ = {
			isa = PBXGroup;
			children = (
				0FDDC33B2C34F414000DF9CF /* FetchTakeHomeApp.swift */,
				0FDDC3672C34F468000DF9CF /* Models */,
				0FDDC36C2C34F491000DF9CF /* ViewModels */,
				0FDDC3712C34F4CE000DF9CF /* Views */,
				0FDDC3742C34F500000DF9CF /* Constants */,
				0F4DEFF42C3B4D0A008B4D0E /* Utility */,
				0FDDC37D2C34F54D000DF9CF /* Mocks */,
				0FDDC33F2C34F416000DF9CF /* Assets.xcassets */,
				0FDDC3412C34F416000DF9CF /* Preview Content */,
			);
			path = FetchTakeHome;
			sourceTree = "<group>";
		};
		0FDDC3412C34F416000DF9CF /* Preview Content */ = {
			isa = PBXGroup;
			children = (
				0FDDC3422C34F416000DF9CF /* Preview Assets.xcassets */,
			);
			path = "Preview Content";
			sourceTree = "<group>";
		};
		0FDDC34B2C34F416000DF9CF /* FetchTakeHomeTests */ = {
			isa = PBXGroup;
			children = (
				0F026ECC2C3A182C00DC0685 /* ContentViewModelTests.swift */,
				0FDDC34C2C34F416000DF9CF /* DetailViewModelTest.swift */,
			);
			path = FetchTakeHomeTests;
			sourceTree = "<group>";
		};
		0FDDC3552C34F416000DF9CF /* FetchTakeHomeUITests */ = {
			isa = PBXGroup;
			children = (
				0FDDC3562C34F416000DF9CF /* FetchTakeHomeUITests.swift */,
				0FDDC3582C34F416000DF9CF /* FetchTakeHomeUITestsLaunchTests.swift */,
			);
			path = FetchTakeHomeUITests;
			sourceTree = "<group>";
		};
		0FDDC3672C34F468000DF9CF /* Models */ = {
			isa = PBXGroup;
			children = (
				0FDDC3682C34F474000DF9CF /* DessertModels.swift */,
				0FDDC36A2C34F483000DF9CF /* RecipeModels.swift */,
			);
			path = Models;
			sourceTree = "<group>";
		};
		0FDDC36C2C34F491000DF9CF /* ViewModels */ = {
			isa = PBXGroup;
			children = (
				0FDDC36D2C34F4A8000DF9CF /* ContentViewModel.swift */,
				0FDDC36F2C34F4C3000DF9CF /* DetailViewModel.swift */,
			);
			path = ViewModels;
			sourceTree = "<group>";
		};
		0FDDC3712C34F4CE000DF9CF /* Views */ = {
			isa = PBXGroup;
			children = (
				0FDDC33D2C34F414000DF9CF /* ContentView.swift */,
				0FDDC3722C34F4ED000DF9CF /* DetailView.swift */,
			);
			path = Views;
			sourceTree = "<group>";
		};
		0FDDC3742C34F500000DF9CF /* Constants */ = {
			isa = PBXGroup;
			children = (
				0FDDC3752C34F51C000DF9CF /* APIEndpoints.swift */,
				0FDDC3772C34F52A000DF9CF /* Errors.swift */,
				0FDDC3792C34F537000DF9CF /* Colors.swift */,
				0FDDC37B2C34F542000DF9CF /* Fonts.swift */,
			);
			path = Constants;
			sourceTree = "<group>";
		};
		0FDDC37D2C34F54D000DF9CF /* Mocks */ = {
			isa = PBXGroup;
			children = (
				0FDDC3802C35AF34000DF9CF /* MockNetworking.swift */,
			);
			path = Mocks;
			sourceTree = "<group>";
		};
/* End PBXGroup section */

/* Begin PBXNativeTarget section */
		0FDDC3372C34F414000DF9CF /* FetchTakeHome */ = {
			isa = PBXNativeTarget;
			buildConfigurationList = 0FDDC35C2C34F416000DF9CF /* Build configuration list for PBXNativeTarget "FetchTakeHome" */;
			buildPhases = (
				0FDDC3342C34F414000DF9CF /* Sources */,
				0FDDC3352C34F414000DF9CF /* Frameworks */,
				0FDDC3362C34F414000DF9CF /* Resources */,
			);
			buildRules = (
			);
			dependencies = (
			);
			name = FetchTakeHome;
			productName = FetchTakeHome;
			productReference = 0FDDC3382C34F414000DF9CF /* FetchTakeHome.app */;
			productType = "com.apple.product-type.application";
		};
		0FDDC3472C34F416000DF9CF /* FetchTakeHomeTests */ = {
			isa = PBXNativeTarget;
			buildConfigurationList = 0FDDC35F2C34F416000DF9CF /* Build configuration list for PBXNativeTarget "FetchTakeHomeTests" */;
			buildPhases = (
				0FDDC3442C34F416000DF9CF /* Sources */,
				0FDDC3452C34F416000DF9CF /* Frameworks */,
				0FDDC3462C34F416000DF9CF /* Resources */,
			);
			buildRules = (
			);
			dependencies = (
				0FDDC34A2C34F416000DF9CF /* PBXTargetDependency */,
			);
			name = FetchTakeHomeTests;
			productName = FetchTakeHomeTests;
			productReference = 0FDDC3482C34F416000DF9CF /* FetchTakeHomeTests.xctest */;
			productType = "com.apple.product-type.bundle.unit-test";
		};
		0FDDC3512C34F416000DF9CF /* FetchTakeHomeUITests */ = {
			isa = PBXNativeTarget;
			buildConfigurationList = 0FDDC3622C34F416000DF9CF /* Build configuration list for PBXNativeTarget "FetchTakeHomeUITests" */;
			buildPhases = (
				0FDDC34E2C34F416000DF9CF /* Sources */,
				0FDDC34F2C34F416000DF9CF /* Frameworks */,
				0FDDC3502C34F416000DF9CF /* Resources */,
			);
			buildRules = (
			);
			dependencies = (
				0FDDC3542C34F416000DF9CF /* PBXTargetDependency */,
			);
			name = FetchTakeHomeUITests;
			productName = FetchTakeHomeUITests;
			productReference = 0FDDC3522C34F416000DF9CF /* FetchTakeHomeUITests.xctest */;
			productType = "com.apple.product-type.bundle.ui-testing";
		};
/* End PBXNativeTarget section */

/* Begin PBXProject section */
		0FDDC3302C34F414000DF9CF /* Project object */ = {
			isa = PBXProject;
			attributes = {
				BuildIndependentTargetsInParallel = 1;
				LastSwiftUpdateCheck = 1540;
				LastUpgradeCheck = 1540;
				TargetAttributes = {
					0FDDC3372C34F414000DF9CF = {
						CreatedOnToolsVersion = 15.4;
					};
					0FDDC3472C34F416000DF9CF = {
						CreatedOnToolsVersion = 15.4;
						TestTargetID = 0FDDC3372C34F414000DF9CF;
					};
					0FDDC3512C34F416000DF9CF = {
						CreatedOnToolsVersion = 15.4;
						TestTargetID = 0FDDC3372C34F414000DF9CF;
					};
				};
			};
			buildConfigurationList = 0FDDC3332C34F414000DF9CF /* Build configuration list for PBXProject "FetchTakeHome" */;
			compatibilityVersion = "Xcode 14.0";
			developmentRegion = en;
			hasScannedForEncodings = 0;
			knownRegions = (
				en,
				Base,
			);
			mainGroup = 0FDDC32F2C34F414000DF9CF;
			productRefGroup = 0FDDC3392C34F414000DF9CF /* Products */;
			projectDirPath = "";
			projectRoot = "";
			targets = (
				0FDDC3372C34F414000DF9CF /* FetchTakeHome */,
				0FDDC3472C34F416000DF9CF /* FetchTakeHomeTests */,
				0FDDC3512C34F416000DF9CF /* FetchTakeHomeUITests */,
			);
		};
/* End PBXProject section */

/* Begin PBXResourcesBuildPhase section */
		0FDDC3362C34F414000DF9CF /* Resources */ = {
			isa = PBXResourcesBuildPhase;
			buildActionMask = 2147483647;
			files = (
				0FDDC3432C34F416000DF9CF /* Preview Assets.xcassets in Resources */,
				0FDDC3402C34F416000DF9CF /* Assets.xcassets in Resources */,
			);
			runOnlyForDeploymentPostprocessing = 0;
		};
		0FDDC3462C34F416000DF9CF /* Resources */ = {
			isa = PBXResourcesBuildPhase;
			buildActionMask = 2147483647;
			files = (
			);
			runOnlyForDeploymentPostprocessing = 0;
		};
		0FDDC3502C34F416000DF9CF /* Resources */ = {
			isa = PBXResourcesBuildPhase;
			buildActionMask = 2147483647;
			files = (
			);
			runOnlyForDeploymentPostprocessing = 0;
		};
/* End PBXResourcesBuildPhase section */

/* Begin PBXSourcesBuildPhase section */
		0FDDC3342C34F414000DF9CF /* Sources */ = {
			isa = PBXSourcesBuildPhase;
			buildActionMask = 2147483647;
			files = (
				0FDDC3692C34F474000DF9CF /* DessertModels.swift in Sources */,
				0FDDC37A2C34F537000DF9CF /* Colors.swift in Sources */,
				0FDDC3732C34F4ED000DF9CF /* DetailView.swift in Sources */,
				0FDDC3662C34F459000DF9CF /* Networking.swift in Sources */,
				0FDDC37C2C34F542000DF9CF /* Fonts.swift in Sources */,
				0FDDC3812C35AF34000DF9CF /* MockNetworking.swift in Sources */,
				0FDDC3762C34F51C000DF9CF /* APIEndpoints.swift in Sources */,
				0FDDC36E2C34F4A8000DF9CF /* ContentViewModel.swift in Sources */,
				0FDDC36B2C34F483000DF9CF /* RecipeModels.swift in Sources */,
				0FDDC3782C34F52A000DF9CF /* Errors.swift in Sources */,
				0FDDC3702C34F4C3000DF9CF /* DetailViewModel.swift in Sources */,
				0FDDC33E2C34F414000DF9CF /* ContentView.swift in Sources */,
				0FDDC33C2C34F414000DF9CF /* FetchTakeHomeApp.swift in Sources */,
			);
			runOnlyForDeploymentPostprocessing = 0;
		};
		0FDDC3442C34F416000DF9CF /* Sources */ = {
			isa = PBXSourcesBuildPhase;
			buildActionMask = 2147483647;
			files = (
				0FDDC34D2C34F416000DF9CF /* DetailViewModelTest.swift in Sources */,
				0F026ECD2C3A182C00DC0685 /* ContentViewModelTests.swift in Sources */,
			);
			runOnlyForDeploymentPostprocessing = 0;
		};
		0FDDC34E2C34F416000DF9CF /* Sources */ = {
			isa = PBXSourcesBuildPhase;
			buildActionMask = 2147483647;
			files = (
				0FDDC3572C34F416000DF9CF /* FetchTakeHomeUITests.swift in Sources */,
				0FDDC3592C34F416000DF9CF /* FetchTakeHomeUITestsLaunchTests.swift in Sources */,
			);
			runOnlyForDeploymentPostprocessing = 0;
		};
/* End PBXSourcesBuildPhase section */

/* Begin PBXTargetDependency section */
		0FDDC34A2C34F416000DF9CF /* PBXTargetDependency */ = {
			isa = PBXTargetDependency;
			target = 0FDDC3372C34F414000DF9CF /* FetchTakeHome */;
			targetProxy = 0FDDC3492C34F416000DF9CF /* PBXContainerItemProxy */;
		};
		0FDDC3542C34F416000DF9CF /* PBXTargetDependency */ = {
			isa = PBXTargetDependency;
			target = 0FDDC3372C34F414000DF9CF /* FetchTakeHome */;
			targetProxy = 0FDDC3532C34F416000DF9CF /* PBXContainerItemProxy */;
		};
/* End PBXTargetDependency section */

/* Begin XCBuildConfiguration section */
		0FDDC35A2C34F416000DF9CF /* Debug */ = {
			isa = XCBuildConfiguration;
			buildSettings = {
				ALWAYS_SEARCH_USER_PATHS = NO;
				ASSETCATALOG_COMPILER_GENERATE_SWIFT_ASSET_SYMBOL_EXTENSIONS = YES;
				CLANG_ANALYZER_NONNULL = YES;
				CLANG_ANALYZER_NUMBER_OBJECT_CONVERSION = YES_AGGRESSIVE;
				CLANG_CXX_LANGUAGE_STANDARD = "gnu++20";
				CLANG_ENABLE_MODULES = YES;
				CLANG_ENABLE_OBJC_ARC = YES;
				CLANG_ENABLE_OBJC_WEAK = YES;
				CLANG_WARN_BLOCK_CAPTURE_AUTORELEASING = YES;
				CLANG_WARN_BOOL_CONVERSION = YES;
				CLANG_WARN_COMMA = YES;
				CLANG_WARN_CONSTANT_CONVERSION = YES;
				CLANG_WARN_DEPRECATED_OBJC_IMPLEMENTATIONS = YES;
				CLANG_WARN_DIRECT_OBJC_ISA_USAGE = YES_ERROR;
				CLANG_WARN_DOCUMENTATION_COMMENTS = YES;
				CLANG_WARN_EMPTY_BODY = YES;
				CLANG_WARN_ENUM_CONVERSION = YES;
				CLANG_WARN_INFINITE_RECURSION = YES;
				CLANG_WARN_INT_CONVERSION = YES;
				CLANG_WARN_NON_LITERAL_NULL_CONVERSION = YES;
				CLANG_WARN_OBJC_IMPLICIT_RETAIN_SELF = YES;
				CLANG_WARN_OBJC_LITERAL_CONVERSION = YES;
				CLANG_WARN_OBJC_ROOT_CLASS = YES_ERROR;
				CLANG_WARN_QUOTED_INCLUDE_IN_FRAMEWORK_HEADER = YES;
				CLANG_WARN_RANGE_LOOP_ANALYSIS = YES;
				CLANG_WARN_STRICT_PROTOTYPES = YES;
				CLANG_WARN_SUSPICIOUS_MOVE = YES;
				CLANG_WARN_UNGUARDED_AVAILABILITY = YES_AGGRESSIVE;
				CLANG_WARN_UNREACHABLE_CODE = YES;
				CLANG_WARN__DUPLICATE_METHOD_MATCH = YES;
				COPY_PHASE_STRIP = NO;
				DEBUG_INFORMATION_FORMAT = dwarf;
				ENABLE_STRICT_OBJC_MSGSEND = YES;
				ENABLE_TESTABILITY = YES;
				ENABLE_USER_SCRIPT_SANDBOXING = YES;
				GCC_C_LANGUAGE_STANDARD = gnu17;
				GCC_DYNAMIC_NO_PIC = NO;
				GCC_NO_COMMON_BLOCKS = YES;
				GCC_OPTIMIZATION_LEVEL = 0;
				GCC_PREPROCESSOR_DEFINITIONS = (
					"DEBUG=1",
					"$(inherited)",
				);
				GCC_WARN_64_TO_32_BIT_CONVERSION = YES;
				GCC_WARN_ABOUT_RETURN_TYPE = YES_ERROR;
				GCC_WARN_UNDECLARED_SELECTOR = YES;
				GCC_WARN_UNINITIALIZED_AUTOS = YES_AGGRESSIVE;
				GCC_WARN_UNUSED_FUNCTION = YES;
				GCC_WARN_UNUSED_VARIABLE = YES;
				IPHONEOS_DEPLOYMENT_TARGET = 17.5;
				LOCALIZATION_PREFERS_STRING_CATALOGS = YES;
				MTL_ENABLE_DEBUG_INFO = INCLUDE_SOURCE;
				MTL_FAST_MATH = YES;
				ONLY_ACTIVE_ARCH = YES;
				SDKROOT = iphoneos;
				SWIFT_ACTIVE_COMPILATION_CONDITIONS = "DEBUG $(inherited)";
				SWIFT_OPTIMIZATION_LEVEL = "-Onone";
			};
			name = Debug;
		};
		0FDDC35B2C34F416000DF9CF /* Release */ = {
			isa = XCBuildConfiguration;
			buildSettings = {
				ALWAYS_SEARCH_USER_PATHS = NO;
				ASSETCATALOG_COMPILER_GENERATE_SWIFT_ASSET_SYMBOL_EXTENSIONS = YES;
				CLANG_ANALYZER_NONNULL = YES;
				CLANG_ANALYZER_NUMBER_OBJECT_CONVERSION = YES_AGGRESSIVE;
				CLANG_CXX_LANGUAGE_STANDARD = "gnu++20";
				CLANG_ENABLE_MODULES = YES;
				CLANG_ENABLE_OBJC_ARC = YES;
				CLANG_ENABLE_OBJC_WEAK = YES;
				CLANG_WARN_BLOCK_CAPTURE_AUTORELEASING = YES;
				CLANG_WARN_BOOL_CONVERSION = YES;
				CLANG_WARN_COMMA = YES;
				CLANG_WARN_CONSTANT_CONVERSION = YES;
				CLANG_WARN_DEPRECATED_OBJC_IMPLEMENTATIONS = YES;
				CLANG_WARN_DIRECT_OBJC_ISA_USAGE = YES_ERROR;
				CLANG_WARN_DOCUMENTATION_COMMENTS = YES;
				CLANG_WARN_EMPTY_BODY = YES;
				CLANG_WARN_ENUM_CONVERSION = YES;
				CLANG_WARN_INFINITE_RECURSION = YES;
				CLANG_WARN_INT_CONVERSION = YES;
				CLANG_WARN_NON_LITERAL_NULL_CONVERSION = YES;
				CLANG_WARN_OBJC_IMPLICIT_RETAIN_SELF = YES;
				CLANG_WARN_OBJC_LITERAL_CONVERSION = YES;
				CLANG_WARN_OBJC_ROOT_CLASS = YES_ERROR;
				CLANG_WARN_QUOTED_INCLUDE_IN_FRAMEWORK_HEADER = YES;
				CLANG_WARN_RANGE_LOOP_ANALYSIS = YES;
				CLANG_WARN_STRICT_PROTOTYPES = YES;
				CLANG_WARN_SUSPICIOUS_MOVE = YES;
				CLANG_WARN_UNGUARDED_AVAILABILITY = YES_AGGRESSIVE;
				CLANG_WARN_UNREACHABLE_CODE = YES;
				CLANG_WARN__DUPLICATE_METHOD_MATCH = YES;
				COPY_PHASE_STRIP = NO;
				DEBUG_INFORMATION_FORMAT = "dwarf-with-dsym";
				ENABLE_NS_ASSERTIONS = NO;
				ENABLE_STRICT_OBJC_MSGSEND = YES;
				ENABLE_USER_SCRIPT_SANDBOXING = YES;
				GCC_C_LANGUAGE_STANDARD = gnu17;
				GCC_NO_COMMON_BLOCKS = YES;
				GCC_WARN_64_TO_32_BIT_CONVERSION = YES;
				GCC_WARN_ABOUT_RETURN_TYPE = YES_ERROR;
				GCC_WARN_UNDECLARED_SELECTOR = YES;
				GCC_WARN_UNINITIALIZED_AUTOS = YES_AGGRESSIVE;
				GCC_WARN_UNUSED_FUNCTION = YES;
				GCC_WARN_UNUSED_VARIABLE = YES;
				IPHONEOS_DEPLOYMENT_TARGET = 17.5;
				LOCALIZATION_PREFERS_STRING_CATALOGS = YES;
				MTL_ENABLE_DEBUG_INFO = NO;
				MTL_FAST_MATH = YES;
				SDKROOT = iphoneos;
				SWIFT_COMPILATION_MODE = wholemodule;
				VALIDATE_PRODUCT = YES;
			};
			name = Release;
		};
		0FDDC35D2C34F416000DF9CF /* Debug */ = {
			isa = XCBuildConfiguration;
			buildSettings = {
				ASSETCATALOG_COMPILER_APPICON_NAME = AppIcon;
				ASSETCATALOG_COMPILER_GLOBAL_ACCENT_COLOR_NAME = AccentColor;
				CODE_SIGN_STYLE = Automatic;
				CURRENT_PROJECT_VERSION = 1;
				DEVELOPMENT_ASSET_PATHS = "\"FetchTakeHome/Preview Content\"";
				DEVELOPMENT_TEAM = 2U44P5WJT9;
				ENABLE_PREVIEWS = YES;
				GENERATE_INFOPLIST_FILE = YES;
				INFOPLIST_KEY_UIApplicationSceneManifest_Generation = YES;
				INFOPLIST_KEY_UIApplicationSupportsIndirectInputEvents = YES;
				INFOPLIST_KEY_UILaunchScreen_Generation = YES;
				INFOPLIST_KEY_UISupportedInterfaceOrientations_iPad = "UIInterfaceOrientationPortrait UIInterfaceOrientationPortraitUpsideDown UIInterfaceOrientationLandscapeLeft UIInterfaceOrientationLandscapeRight";
				INFOPLIST_KEY_UISupportedInterfaceOrientations_iPhone = "UIInterfaceOrientationPortrait UIInterfaceOrientationLandscapeLeft UIInterfaceOrientationLandscapeRight";
				LD_RUNPATH_SEARCH_PATHS = (
					"$(inherited)",
					"@executable_path/Frameworks",
				);
				MARKETING_VERSION = 1.0;
				PRODUCT_BUNDLE_IDENTIFIER = MandolinDevelopment.SwiftUI.FetchTakeHome;
				PRODUCT_NAME = "$(TARGET_NAME)";
				SWIFT_EMIT_LOC_STRINGS = YES;
				SWIFT_VERSION = 5.0;
				TARGETED_DEVICE_FAMILY = "1,2";
			};
			name = Debug;
		};
		0FDDC35E2C34F416000DF9CF /* Release */ = {
			isa = XCBuildConfiguration;
			buildSettings = {
				ASSETCATALOG_COMPILER_APPICON_NAME = AppIcon;
				ASSETCATALOG_COMPILER_GLOBAL_ACCENT_COLOR_NAME = AccentColor;
				CODE_SIGN_STYLE = Automatic;
				CURRENT_PROJECT_VERSION = 1;
				DEVELOPMENT_ASSET_PATHS = "\"FetchTakeHome/Preview Content\"";
				DEVELOPMENT_TEAM = 2U44P5WJT9;
				ENABLE_PREVIEWS = YES;
				GENERATE_INFOPLIST_FILE = YES;
				INFOPLIST_KEY_UIApplicationSceneManifest_Generation = YES;
				INFOPLIST_KEY_UIApplicationSupportsIndirectInputEvents = YES;
				INFOPLIST_KEY_UILaunchScreen_Generation = YES;
				INFOPLIST_KEY_UISupportedInterfaceOrientations_iPad = "UIInterfaceOrientationPortrait UIInterfaceOrientationPortraitUpsideDown UIInterfaceOrientationLandscapeLeft UIInterfaceOrientationLandscapeRight";
				INFOPLIST_KEY_UISupportedInterfaceOrientations_iPhone = "UIInterfaceOrientationPortrait UIInterfaceOrientationLandscapeLeft UIInterfaceOrientationLandscapeRight";
				LD_RUNPATH_SEARCH_PATHS = (
					"$(inherited)",
					"@executable_path/Frameworks",
				);
				MARKETING_VERSION = 1.0;
				PRODUCT_BUNDLE_IDENTIFIER = MandolinDevelopment.SwiftUI.FetchTakeHome;
				PRODUCT_NAME = "$(TARGET_NAME)";
				SWIFT_EMIT_LOC_STRINGS = YES;
				SWIFT_VERSION = 5.0;
				TARGETED_DEVICE_FAMILY = "1,2";
			};
			name = Release;
		};
		0FDDC3602C34F416000DF9CF /* Debug */ = {
			isa = XCBuildConfiguration;
			buildSettings = {
				ALWAYS_EMBED_SWIFT_STANDARD_LIBRARIES = YES;
				BUNDLE_LOADER = "$(TEST_HOST)";
				CODE_SIGN_STYLE = Automatic;
				CURRENT_PROJECT_VERSION = 1;
				DEVELOPMENT_TEAM = 2U44P5WJT9;
				GENERATE_INFOPLIST_FILE = YES;
				IPHONEOS_DEPLOYMENT_TARGET = 17.5;
				MARKETING_VERSION = 1.0;
				PRODUCT_BUNDLE_IDENTIFIER = MandolinDevelopment.SwiftUI.FetchTakeHomeTests;
				PRODUCT_NAME = "$(TARGET_NAME)";
				SWIFT_EMIT_LOC_STRINGS = NO;
				SWIFT_VERSION = 5.0;
				TARGETED_DEVICE_FAMILY = "1,2";
				TEST_HOST = "$(BUILT_PRODUCTS_DIR)/FetchTakeHome.app/$(BUNDLE_EXECUTABLE_FOLDER_PATH)/FetchTakeHome";
			};
			name = Debug;
		};
		0FDDC3612C34F416000DF9CF /* Release */ = {
			isa = XCBuildConfiguration;
			buildSettings = {
				ALWAYS_EMBED_SWIFT_STANDARD_LIBRARIES = YES;
				BUNDLE_LOADER = "$(TEST_HOST)";
				CODE_SIGN_STYLE = Automatic;
				CURRENT_PROJECT_VERSION = 1;
				DEVELOPMENT_TEAM = 2U44P5WJT9;
				GENERATE_INFOPLIST_FILE = YES;
				IPHONEOS_DEPLOYMENT_TARGET = 17.5;
				MARKETING_VERSION = 1.0;
				PRODUCT_BUNDLE_IDENTIFIER = MandolinDevelopment.SwiftUI.FetchTakeHomeTests;
				PRODUCT_NAME = "$(TARGET_NAME)";
				SWIFT_EMIT_LOC_STRINGS = NO;
				SWIFT_VERSION = 5.0;
				TARGETED_DEVICE_FAMILY = "1,2";
				TEST_HOST = "$(BUILT_PRODUCTS_DIR)/FetchTakeHome.app/$(BUNDLE_EXECUTABLE_FOLDER_PATH)/FetchTakeHome";
			};
			name = Release;
		};
		0FDDC3632C34F416000DF9CF /* Debug */ = {
			isa = XCBuildConfiguration;
			buildSettings = {
				ALWAYS_EMBED_SWIFT_STANDARD_LIBRARIES = YES;
				CODE_SIGN_STYLE = Automatic;
				CURRENT_PROJECT_VERSION = 1;
				DEVELOPMENT_TEAM = 2U44P5WJT9;
				GENERATE_INFOPLIST_FILE = YES;
				MARKETING_VERSION = 1.0;
				PRODUCT_BUNDLE_IDENTIFIER = MandolinDevelopment.SwiftUI.FetchTakeHomeUITests;
				PRODUCT_NAME = "$(TARGET_NAME)";
				SWIFT_EMIT_LOC_STRINGS = NO;
				SWIFT_VERSION = 5.0;
				TARGETED_DEVICE_FAMILY = "1,2";
				TEST_TARGET_NAME = FetchTakeHome;
			};
			name = Debug;
		};
		0FDDC3642C34F416000DF9CF /* Release */ = {
			isa = XCBuildConfiguration;
			buildSettings = {
				ALWAYS_EMBED_SWIFT_STANDARD_LIBRARIES = YES;
				CODE_SIGN_STYLE = Automatic;
				CURRENT_PROJECT_VERSION = 1;
				DEVELOPMENT_TEAM = 2U44P5WJT9;
				GENERATE_INFOPLIST_FILE = YES;
				MARKETING_VERSION = 1.0;
				PRODUCT_BUNDLE_IDENTIFIER = MandolinDevelopment.SwiftUI.FetchTakeHomeUITests;
				PRODUCT_NAME = "$(TARGET_NAME)";
				SWIFT_EMIT_LOC_STRINGS = NO;
				SWIFT_VERSION = 5.0;
				TARGETED_DEVICE_FAMILY = "1,2";
				TEST_TARGET_NAME = FetchTakeHome;
			};
			name = Release;
		};
/* End XCBuildConfiguration section */

/* Begin XCConfigurationList section */
		0FDDC3332C34F414000DF9CF /* Build configuration list for PBXProject "FetchTakeHome" */ = {
			isa = XCConfigurationList;
			buildConfigurations = (
				0FDDC35A2C34F416000DF9CF /* Debug */,
				0FDDC35B2C34F416000DF9CF /* Release */,
			);
			defaultConfigurationIsVisible = 0;
			defaultConfigurationName = Release;
		};
		0FDDC35C2C34F416000DF9CF /* Build configuration list for PBXNativeTarget "FetchTakeHome" */ = {
			isa = XCConfigurationList;
			buildConfigurations = (
				0FDDC35D2C34F416000DF9CF /* Debug */,
				0FDDC35E2C34F416000DF9CF /* Release */,
			);
			defaultConfigurationIsVisible = 0;
			defaultConfigurationName = Release;
		};
		0FDDC35F2C34F416000DF9CF /* Build configuration list for PBXNativeTarget "FetchTakeHomeTests" */ = {
			isa = XCConfigurationList;
			buildConfigurations = (
				0FDDC3602C34F416000DF9CF /* Debug */,
				0FDDC3612C34F416000DF9CF /* Release */,
			);
			defaultConfigurationIsVisible = 0;
			defaultConfigurationName = Release;
		};
		0FDDC3622C34F416000DF9CF /* Build configuration list for PBXNativeTarget "FetchTakeHomeUITests" */ = {
			isa = XCConfigurationList;
			buildConfigurations = (
				0FDDC3632C34F416000DF9CF /* Debug */,
				0FDDC3642C34F416000DF9CF /* Release */,
			);
			defaultConfigurationIsVisible = 0;
			defaultConfigurationName = Release;
		};
/* End XCConfigurationList section */
	};
	rootObject = 0FDDC3302C34F414000DF9CF /* Project object */;
}
